
Microsoft Visual Studio Solution File, Format Version 12.00
# Visual Studio Version 17
VisualStudioVersion = 17.4.33403.182
MinimumVisualStudioVersion = 10.0.40219.1
Project("{FAE04EC0-301F-11D3-BF4B-00C04F79EFBC}") = "HomeAutomation_Simulation", "HomeAutomation_Simulation.csproj", "{E02A228F-9670-464F-BF58-034251076B86}"
EndProject
Global
	GlobalSection(SolutionConfigurationPlatforms) = preSolution
		Debug|Any CPU = Debug|Any CPU
		Release|Any CPU = Release|Any CPU
	EndGlobalSection
	GlobalSection(ProjectConfigurationPlatforms) = postSolution
		{E02A228F-9670-464F-BF58-034251076B86}.Debug|Any CPU.ActiveCfg = Debug|Any CPU
		{E02A228F-9670-464F-BF58-034251076B86}.Debug|Any CPU.Build.0 = Debug|Any CPU
		{E02A228F-9670-464F-BF58-034251076B86}.Release|Any CPU.ActiveCfg = Release|Any CPU
		{E02A228F-9670-464F-BF58-034251076B86}.Release|Any CPU.Build.0 = Release|Any CPU
	EndGlobalSection
	GlobalSection(SolutionProperties) = preSolution
		HideSolutionNode = FALSE
	EndGlobalSection
	GlobalSection(ExtensibilityGlobals) = postSolution
		SolutionGuid = {D023A188-972A-4225-AC3F-E7D73E5B7FB6}
	EndGlobalSection
EndGlobal
